<?xml version="1.0" encoding="utf-8"?>
<Project ToolsVersion="4.0" xmlns="http://schemas.microsoft.com/developer/msbuild/2003">
  <ItemGroup>
    <Filter Include="源文件">
      <UniqueIdentifier>{4FC737F1-C7A5-4376-A066-2A32D752A2FF}</UniqueIdentifier>
      <Extensions>cpp;c;cc;cxx;c++;cppm;ixx;def;odl;idl;hpj;bat;asm;asmx</Extensions>
    </Filter>
    <Filter Include="头文件">
      <UniqueIdentifier>{93995380-89BD-4b04-88EB-625FBE52EBFB}</UniqueIdentifier>
      <Extensions>h;hh;hpp;hxx;h++;hm;inl;inc;ipp;xsd</Extensions>
    </Filter>
    <Filter Include="资源文件">
      <UniqueIdentifier>{67DA6AB6-F800-4c08-8B7A-83BB121AAD01}</UniqueIdentifier>
      <Extensions>rc;ico;cur;bmp;dlg;rc2;rct;bin;rgs;gif;jpg;jpeg;jpe;resx;tiff;tif;png;wav;mfcribbon-ms</Extensions>
    </Filter>
    <Filter Include="asserts">
      <UniqueIdentifier>{172b4657-65c9-4c80-b8fa-ed08f33a96a7}</UniqueIdentifier>
    </Filter>
    <Filter Include="shader">
      <UniqueIdentifier>{eabf8d73-2c16-4770-bc2e-fcbe8c40a71f}</UniqueIdentifier>
    </Filter>
    <Filter Include="file">
      <UniqueIdentifier>{5b33a1d0-77bf-4c2d-8f5c-cb44de37665b}</UniqueIdentifier>
    </Filter>
    <Filter Include="core">
      <UniqueIdentifier>{975bc1ac-23e8-4708-9b30-7ec10c6279d8}</UniqueIdentifier>
    </Filter>
    <Filter Include="ecs">
      <UniqueIdentifier>{92e7bb2c-09b3-4dec-9008-50c9960f7919}</UniqueIdentifier>
    </Filter>
    <Filter Include="math">
      <UniqueIdentifier>{f7dedc3b-cfff-4a9c-97f0-439631b33145}</UniqueIdentifier>
    </Filter>
    <Filter Include="base">
      <UniqueIdentifier>{ddec5c72-03e3-4439-ba78-f1c5a19567f4}</UniqueIdentifier>
    </Filter>
    <Filter Include="components">
      <UniqueIdentifier>{7439c195-db36-48da-9576-b93f4658ed82}</UniqueIdentifier>
    </Filter>
  </ItemGroup>
  <ItemGroup>
    <ClInclude Include="Main.h">
      <Filter>头文件</Filter>
    </ClInclude>
    <ClInclude Include="MainRender.h">
      <Filter>头文件</Filter>
    </ClInclude>
    <ClInclude Include="resource.h">
      <Filter>头文件</Filter>
    </ClInclude>
    <ClInclude Include="Shader.h">
      <Filter>shader</Filter>
    </ClInclude>
    <ClInclude Include="FilePathManager.h">
      <Filter>file</Filter>
    </ClInclude>
    <ClInclude Include="stb_image.h">
      <Filter>file</Filter>
    </ClInclude>
    <ClInclude Include="ImageLoad.h">
      <Filter>file</Filter>
    </ClInclude>
    <ClInclude Include="Image.h">
      <Filter>file</Filter>
    </ClInclude>
    <ClInclude Include="Object.h">
      <Filter>core</Filter>
    </ClInclude>
    <ClInclude Include="Component.h">
      <Filter>core</Filter>
    </ClInclude>
    <ClInclude Include="Game.h">
      <Filter>core</Filter>
    </ClInclude>
    <ClInclude Include="Camera.h">
      <Filter>core</Filter>
    </ClInclude>
    <ClInclude Include="base\TypeDef.h">
      <Filter>base</Filter>
    </ClInclude>
    <ClInclude Include="base\CoreDef.h">
      <Filter>base</Filter>
    </ClInclude>
    <ClInclude Include="Core.h">
      <Filter>头文件</Filter>
    </ClInclude>
    <ClInclude Include="Input.h">
      <Filter>core</Filter>
    </ClInclude>
    <ClInclude Include="CameraMove.h">
      <Filter>components</Filter>
    </ClInclude>
    <ClInclude Include="SceneManager.h">
      <Filter>core</Filter>
    </ClInclude>
    <ClInclude Include="Scene.h">
      <Filter>components</Filter>
    </ClInclude>
    <ClInclude Include="ObjectManager.h">
      <Filter>core</Filter>
    </ClInclude>
    <ClInclude Include="Math\Quaternion.h">
      <Filter>math</Filter>
    </ClInclude>
    <ClInclude Include="Transform.h">
      <Filter>components</Filter>
    </ClInclude>
  </ItemGroup>
  <ItemGroup>
    <ClCompile Include="Main.cpp">
      <Filter>源文件</Filter>
    </ClCompile>
    <ClCompile Include="MainRender.cpp">
      <Filter>源文件</Filter>
    </ClCompile>
    <ClCompile Include="Shader.cpp">
      <Filter>shader</Filter>
    </ClCompile>
    <ClCompile Include="FilePathManager.cpp">
      <Filter>file</Filter>
    </ClCompile>
    <ClCompile Include="ImageLoad.cpp">
      <Filter>file</Filter>
    </ClCompile>
    <ClCompile Include="Image.cpp">
      <Filter>file</Filter>
    </ClCompile>
    <ClCompile Include="Object.cpp">
      <Filter>core</Filter>
    </ClCompile>
    <ClCompile Include="Component.cpp">
      <Filter>core</Filter>
    </ClCompile>
    <ClCompile Include="Game.cpp">
      <Filter>core</Filter>
    </ClCompile>
    <ClCompile Include="Camera.cpp">
      <Filter>core</Filter>
    </ClCompile>
    <ClCompile Include="Core.cpp">
      <Filter>源文件</Filter>
    </ClCompile>
    <ClCompile Include="Input.cpp">
      <Filter>core</Filter>
    </ClCompile>
    <ClCompile Include="CameraMove.cpp">
      <Filter>components</Filter>
    </ClCompile>
    <ClCompile Include="SceneManager.cpp">
      <Filter>core</Filter>
    </ClCompile>
    <ClCompile Include="Scene.cpp">
      <Filter>components</Filter>
    </ClCompile>
    <ClCompile Include="ObjectManager.cpp">
      <Filter>core</Filter>
    </ClCompile>
    <ClCompile Include="Math\Quaternion.cpp">
      <Filter>math</Filter>
    </ClCompile>
    <ClCompile Include="Transform.cpp">
      <Filter>components</Filter>
    </ClCompile>
  </ItemGroup>
  <ItemGroup>
    <None Include="packages.config" />
    <None Include="DefaultShader.glsl">
      <Filter>asserts</Filter>
    </None>
  </ItemGroup>
</Project>